
Microsoft Visual Studio Solution File, Format Version 12.00
# Visual Studio Version 17
VisualStudioVersion = 17.6.33815.320
MinimumVisualStudioVersion = 10.0.40219.1
Project("{9A19103F-16F7-4668-BE54-9A1E7A4F7556}") = "Session7", "Session7.csproj", "{313571EB-6B64-4068-868B-E0F13FD62D5A}"
EndProject
Project("{E53339B2-1760-4266-BCC7-CA923CBCF16C}") = "docker-compose", "docker-compose.dcproj", "{53433343-F1E1-4197-89C6-6921DC37D96B}"
EndProject
Global
	GlobalSection(SolutionConfigurationPlatforms) = preSolution
		Debug|Any CPU = Debug|Any CPU
		Release|Any CPU = Release|Any CPU
	EndGlobalSection
	GlobalSection(ProjectConfigurationPlatforms) = postSolution
		{313571EB-6B64-4068-868B-E0F13FD62D5A}.Debug|Any CPU.ActiveCfg = Debug|Any CPU
		{313571EB-6B64-4068-868B-E0F13FD62D5A}.Debug|Any CPU.Build.0 = Debug|Any CPU
		{313571EB-6B64-4068-868B-E0F13FD62D5A}.Release|Any CPU.ActiveCfg = Release|Any CPU
		{313571EB-6B64-4068-868B-E0F13FD62D5A}.Release|Any CPU.Build.0 = Release|Any CPU
		{53433343-F1E1-4197-89C6-6921DC37D96B}.Debug|Any CPU.ActiveCfg = Debug|Any CPU
		{53433343-F1E1-4197-89C6-6921DC37D96B}.Debug|Any CPU.Build.0 = Debug|Any CPU
		{53433343-F1E1-4197-89C6-6921DC37D96B}.Release|Any CPU.ActiveCfg = Release|Any CPU
		{53433343-F1E1-4197-89C6-6921DC37D96B}.Release|Any CPU.Build.0 = Release|Any CPU
	EndGlobalSection
	GlobalSection(SolutionProperties) = preSolution
		HideSolutionNode = FALSE
	EndGlobalSection
	GlobalSection(ExtensibilityGlobals) = postSolution
		SolutionGuid = {4BEBA233-E8EC-41FE-A530-9E38FDE37F6E}
	EndGlobalSection
EndGlobal
